<?xml version="1.0" encoding="utf-8"?>
<Project ToolsVersion="4.0" xmlns="http://schemas.microsoft.com/developer/msbuild/2003">
  <ItemGroup>
    <Filter Include="Source Files">
      <UniqueIdentifier>{4FC737F1-C7A5-4376-A066-2A32D752A2FF}</UniqueIdentifier>
      <Extensions>cpp;c;cc;cxx;def;odl;idl;hpj;bat;asm;asmx</Extensions>
    </Filter>
    <Filter Include="Header Files">
      <UniqueIdentifier>{93995380-89BD-4b04-88EB-625FBE52EBFB}</UniqueIdentifier>
      <Extensions>h;hh;hpp;hxx;hm;inl;inc;ipp;xsd</Extensions>
    </Filter>
    <Filter Include="Resource Files">
      <UniqueIdentifier>{67DA6AB6-F800-4c08-8B7A-83BB121AAD01}</UniqueIdentifier>
      <Extensions>rc;ico;cur;bmp;dlg;rc2;rct;bin;rgs;gif;jpg;jpeg;jpe;resx;tiff;tif;png;wav;mfcribbon-ms</Extensions>
    </Filter>
  </ItemGroup>
  <ItemGroup>
    <ClCompile Include="Source.cpp">
      <Filter>Source Files</Filter>
    </ClCompile>
  </ItemGroup>
  <ItemGroup>
    <Image Include="..\..\DB1_B\101_1.tif">
      <Filter>Source Files</Filter>
    </Image>
    <Image Include="DB\101_2.tif">
      <Filter>Source Files</Filter>
    </Image>
    <Image Include="DB\101_3.tif">
      <Filter>Source Files</Filter>
    </Image>
    <Image Include="DB\101_4.tif">
      <Filter>Source Files</Filter>
    </Image>
    <Image Include="DB\101_5.tif">
      <Filter>Source Files</Filter>
    </Image>
    <Image Include="DB\101_6.tif">
      <Filter>Source Files</Filter>
    </Image>
    <Image Include="DB\101_7.tif">
      <Filter>Source Files</Filter>
    </Image>
    <Image Include="DB\101_8.tif">
      <Filter>Source Files</Filter>
    </Image>
    <Image Include="DB\102_1.tif">
      <Filter>Source Files</Filter>
    </Image>
    <Image Include="DB\102_2.tif">
      <Filter>Source Files</Filter>
    </Image>
    <Image Include="DB\102_3.tif">
      <Filter>Source Files</Filter>
    </Image>
    <Image Include="DB\102_4.tif">
      <Filter>Source Files</Filter>
    </Image>
    <Image Include="DB\102_5.tif">
      <Filter>Source Files</Filter>
    </Image>
    <Image Include="DB\102_6.tif">
      <Filter>Source Files</Filter>
    </Image>
    <Image Include="DB\102_7.tif">
      <Filter>Source Files</Filter>
    </Image>
    <Image Include="DB\102_8.tif">
      <Filter>Source Files</Filter>
    </Image>
    <Image Include="DB\103_1.tif">
      <Filter>Source Files</Filter>
    </Image>
    <Image Include="DB\103_2.tif">
      <Filter>Source Files</Filter>
    </Image>
    <Image Include="DB\103_3.tif">
      <Filter>Source Files</Filter>
    </Image>
    <Image Include="DB\103_4.tif">
      <Filter>Source Files</Filter>
    </Image>
    <Image Include="DB\103_5.tif">
      <Filter>Source Files</Filter>
    </Image>
    <Image Include="DB\103_6.tif">
      <Filter>Source Files</Filter>
    </Image>
    <Image Include="DB\103_7.tif">
      <Filter>Source Files</Filter>
    </Image>
    <Image Include="DB\103_8.tif">
      <Filter>Source Files</Filter>
    </Image>
    <Image Include="DB\104_1.tif">
      <Filter>Source Files</Filter>
    </Image>
    <Image Include="DB\104_2.tif">
      <Filter>Source Files</Filter>
    </Image>
    <Image Include="DB\104_3.tif">
      <Filter>Source Files</Filter>
    </Image>
    <Image Include="DB\104_4.tif">
      <Filter>Source Files</Filter>
    </Image>
    <Image Include="DB\104_5.tif">
      <Filter>Source Files</Filter>
    </Image>
    <Image Include="DB\104_6.tif">
      <Filter>Source Files</Filter>
    </Image>
    <Image Include="DB\104_7.tif">
      <Filter>Source Files</Filter>
    </Image>
    <Image Include="DB\104_8.tif">
      <Filter>Source Files</Filter>
    </Image>
    <Image Include="DB\105_1.tif">
      <Filter>Source Files</Filter>
    </Image>
    <Image Include="DB\105_2.tif">
      <Filter>Source Files</Filter>
    </Image>
    <Image Include="DB\105_3.tif">
      <Filter>Source Files</Filter>
    </Image>
    <Image Include="DB\105_4.tif">
      <Filter>Source Files</Filter>
    </Image>
    <Image Include="DB\105_5.tif">
      <Filter>Source Files</Filter>
    </Image>
    <Image Include="DB\105_6.tif">
      <Filter>Source Files</Filter>
    </Image>
    <Image Include="DB\105_7.tif">
      <Filter>Source Files</Filter>
    </Image>
    <Image Include="DB\105_8.tif">
      <Filter>Source Files</Filter>
    </Image>
    <Image Include="DB\106_1.tif">
      <Filter>Source Files</Filter>
    </Image>
    <Image Include="DB\106_2.tif">
      <Filter>Source Files</Filter>
    </Image>
    <Image Include="DB\106_3.tif">
      <Filter>Source Files</Filter>
    </Image>
    <Image Include="DB\106_4.tif">
      <Filter>Source Files</Filter>
    </Image>
    <Image Include="DB\106_5.tif">
      <Filter>Source Files</Filter>
    </Image>
    <Image Include="DB\106_6.tif">
      <Filter>Source Files</Filter>
    </Image>
    <Image Include="DB\106_7.tif">
      <Filter>Source Files</Filter>
    </Image>
    <Image Include="DB\106_8.tif">
      <Filter>Source Files</Filter>
    </Image>
    <Image Include="DB\107_1.tif">
      <Filter>Source Files</Filter>
    </Image>
    <Image Include="DB\107_2.tif">
      <Filter>Source Files</Filter>
    </Image>
    <Image Include="DB\107_3.tif">
      <Filter>Source Files</Filter>
    </Image>
    <Image Include="DB\107_4.tif">
      <Filter>Source Files</Filter>
    </Image>
    <Image Include="DB\107_5.tif">
      <Filter>Source Files</Filter>
    </Image>
    <Image Include="DB\107_6.tif">
      <Filter>Source Files</Filter>
    </Image>
    <Image Include="DB\107_7.tif">
      <Filter>Source Files</Filter>
    </Image>
    <Image Include="DB\107_8.tif">
      <Filter>Source Files</Filter>
    </Image>
    <Image Include="DB\108_1.tif">
      <Filter>Source Files</Filter>
    </Image>
    <Image Include="DB\108_2.tif">
      <Filter>Source Files</Filter>
    </Image>
    <Image Include="DB\108_3.tif">
      <Filter>Source Files</Filter>
    </Image>
    <Image Include="DB\108_4.tif">
      <Filter>Source Files</Filter>
    </Image>
    <Image Include="DB\108_5.tif">
      <Filter>Source Files</Filter>
    </Image>
    <Image Include="DB\108_6.tif">
      <Filter>Source Files</Filter>
    </Image>
    <Image Include="DB\108_7.tif">
      <Filter>Source Files</Filter>
    </Image>
    <Image Include="DB\108_8.tif">
      <Filter>Source Files</Filter>
    </Image>
    <Image Include="DB\109_1.tif">
      <Filter>Source Files</Filter>
    </Image>
    <Image Include="DB\109_2.tif">
      <Filter>Source Files</Filter>
    </Image>
    <Image Include="DB\109_3.tif">
      <Filter>Source Files</Filter>
    </Image>
    <Image Include="DB\109_4.tif">
      <Filter>Source Files</Filter>
    </Image>
    <Image Include="DB\109_5.tif">
      <Filter>Source Files</Filter>
    </Image>
    <Image Include="DB\109_6.tif">
      <Filter>Source Files</Filter>
    </Image>
    <Image Include="DB\109_7.tif">
      <Filter>Source Files</Filter>
    </Image>
    <Image Include="DB\109_8.tif">
      <Filter>Source Files</Filter>
    </Image>
    <Image Include="DB\110_1.tif">
      <Filter>Source Files</Filter>
    </Image>
    <Image Include="DB\110_2.tif">
      <Filter>Source Files</Filter>
    </Image>
    <Image Include="DB\110_3.tif">
      <Filter>Source Files</Filter>
    </Image>
    <Image Include="DB\110_4.tif">
      <Filter>Source Files</Filter>
    </Image>
    <Image Include="DB\110_5.tif">
      <Filter>Source Files</Filter>
    </Image>
    <Image Include="DB\110_6.tif">
      <Filter>Source Files</Filter>
    </Image>
    <Image Include="DB\110_7.tif">
      <Filter>Source Files</Filter>
    </Image>
    <Image Include="DB\110_8.tif">
      <Filter>Source Files</Filter>
    </Image>
  </ItemGroup>
</Project>